
Microsoft Visual Studio Solution File, Format Version 12.00
# Visual Studio 14
VisualStudioVersion = 14.0.25420.1
MinimumVisualStudioVersion = 10.0.40219.1
Project("{FAE04EC0-301F-11D3-BF4B-00C04F79EFBC}") = "IndicoPacking", "Indico\IndicoPacking.csproj", "{544F3CF1-033D-4DC9-A9F1-991A001FD20C}"
EndProject
Project("{FAE04EC0-301F-11D3-BF4B-00C04F79EFBC}") = "IndicoPackingCodeBase", "IndicoPackingCodeBase\IndicoPackingCodeBase.csproj", "{E8E721FC-440F-49B7-BAF2-F385EC60A4F8}"
EndProject
Project("{FAE04EC0-301F-11D3-BF4B-00C04F79EFBC}") = "IndicoPackingDAL", "IndicoPacking.DAL\IndicoPackingDAL.csproj", "{D895A6C6-25D8-4C7F-87C5-F2C53628EF0A}"
EndProject
Project("{FAE04EC0-301F-11D3-BF4B-00C04F79EFBC}") = "IndicoPacking.Tests", "IndicoPacking.Tests\IndicoPacking.Tests.csproj", "{DD66DC9C-3AEB-4486-ABE6-00677B55C62B}"
EndProject
Global
	GlobalSection(SolutionConfigurationPlatforms) = preSolution
		Debug|Any CPU = Debug|Any CPU
		Release|Any CPU = Release|Any CPU
	EndGlobalSection
	GlobalSection(ProjectConfigurationPlatforms) = postSolution
		{544F3CF1-033D-4DC9-A9F1-991A001FD20C}.Debug|Any CPU.ActiveCfg = Debug|Any CPU
		{544F3CF1-033D-4DC9-A9F1-991A001FD20C}.Debug|Any CPU.Build.0 = Debug|Any CPU
		{544F3CF1-033D-4DC9-A9F1-991A001FD20C}.Release|Any CPU.ActiveCfg = Release|Any CPU
		{544F3CF1-033D-4DC9-A9F1-991A001FD20C}.Release|Any CPU.Build.0 = Release|Any CPU
		{E8E721FC-440F-49B7-BAF2-F385EC60A4F8}.Debug|Any CPU.ActiveCfg = Debug|Any CPU
		{E8E721FC-440F-49B7-BAF2-F385EC60A4F8}.Debug|Any CPU.Build.0 = Debug|Any CPU
		{E8E721FC-440F-49B7-BAF2-F385EC60A4F8}.Release|Any CPU.ActiveCfg = Release|Any CPU
		{E8E721FC-440F-49B7-BAF2-F385EC60A4F8}.Release|Any CPU.Build.0 = Release|Any CPU
		{D895A6C6-25D8-4C7F-87C5-F2C53628EF0A}.Debug|Any CPU.ActiveCfg = Debug|Any CPU
		{D895A6C6-25D8-4C7F-87C5-F2C53628EF0A}.Debug|Any CPU.Build.0 = Debug|Any CPU
		{D895A6C6-25D8-4C7F-87C5-F2C53628EF0A}.Release|Any CPU.ActiveCfg = Release|Any CPU
		{D895A6C6-25D8-4C7F-87C5-F2C53628EF0A}.Release|Any CPU.Build.0 = Release|Any CPU
		{DD66DC9C-3AEB-4486-ABE6-00677B55C62B}.Debug|Any CPU.ActiveCfg = Debug|Any CPU
		{DD66DC9C-3AEB-4486-ABE6-00677B55C62B}.Debug|Any CPU.Build.0 = Debug|Any CPU
		{DD66DC9C-3AEB-4486-ABE6-00677B55C62B}.Release|Any CPU.ActiveCfg = Release|Any CPU
		{DD66DC9C-3AEB-4486-ABE6-00677B55C62B}.Release|Any CPU.Build.0 = Release|Any CPU
	EndGlobalSection
	GlobalSection(SolutionProperties) = preSolution
		HideSolutionNode = FALSE
	EndGlobalSection
EndGlobal
